
Microsoft Visual Studio Solution File, Format Version 12.00
# Visual Studio Version 16
VisualStudioVersion = 16.0.31911.196
MinimumVisualStudioVersion = 10.0.40219.1
Project("{FAE04EC0-301F-11D3-BF4B-00C04F79EFBC}") = "ARMSBackend", "ARMSBackend\ARMSBackend.csproj", "{D6AE3D95-24E2-47F5-9143-538C85E441B0}"
EndProject
Global
	GlobalSection(SolutionConfigurationPlatforms) = preSolution
		Debug|Any CPU = Debug|Any CPU
		Release|Any CPU = Release|Any CPU
	EndGlobalSection
	GlobalSection(ProjectConfigurationPlatforms) = postSolution
		{D6AE3D95-24E2-47F5-9143-538C85E441B0}.Debug|Any CPU.ActiveCfg = Debug|Any CPU
		{D6AE3D95-24E2-47F5-9143-538C85E441B0}.Debug|Any CPU.Build.0 = Debug|Any CPU
		{D6AE3D95-24E2-47F5-9143-538C85E441B0}.Release|Any CPU.ActiveCfg = Release|Any CPU
		{D6AE3D95-24E2-47F5-9143-538C85E441B0}.Release|Any CPU.Build.0 = Release|Any CPU
	EndGlobalSection
	GlobalSection(SolutionProperties) = preSolution
		HideSolutionNode = FALSE
	EndGlobalSection
	GlobalSection(ExtensibilityGlobals) = postSolution
		SolutionGuid = {F8D321D3-01F4-4EF3-911C-9E489FEB2B3F}
	EndGlobalSection
EndGlobal
